
Microsoft Visual Studio Solution File, Format Version 12.00
# Visual Studio Version 17
VisualStudioVersion = 17.0.32014.148
MinimumVisualStudioVersion = 10.0.40219.1
Project("{FAE04EC0-301F-11D3-BF4B-00C04F79EFBC}") = "Builders", "Builders.csproj", "{C0721B20-F9A9-41A7-8334-629E7CA9DECC}"
EndProject
Global
	GlobalSection(SolutionConfigurationPlatforms) = preSolution
		Debug|Any CPU = Debug|Any CPU
		Release|Any CPU = Release|Any CPU
	EndGlobalSection
	GlobalSection(ProjectConfigurationPlatforms) = postSolution
		{C0721B20-F9A9-41A7-8334-629E7CA9DECC}.Debug|Any CPU.ActiveCfg = Debug|Any CPU
		{C0721B20-F9A9-41A7-8334-629E7CA9DECC}.Debug|Any CPU.Build.0 = Debug|Any CPU
		{C0721B20-F9A9-41A7-8334-629E7CA9DECC}.Release|Any CPU.ActiveCfg = Release|Any CPU
		{C0721B20-F9A9-41A7-8334-629E7CA9DECC}.Release|Any CPU.Build.0 = Release|Any CPU
	EndGlobalSection
	GlobalSection(SolutionProperties) = preSolution
		HideSolutionNode = FALSE
	EndGlobalSection
	GlobalSection(ExtensibilityGlobals) = postSolution
		SolutionGuid = {4944BA8A-BF22-498B-AC12-D26944D69853}
	EndGlobalSection
EndGlobal
